
Microsoft Visual Studio Solution File, Format Version 12.00
# Visual Studio Version 16
VisualStudioVersion = 16.0.31911.196
MinimumVisualStudioVersion = 10.0.40219.1
Project("{FAE04EC0-301F-11D3-BF4B-00C04F79EFBC}") = "ShoppingCart", "ShoppingCart\ShoppingCart.csproj", "{2FC6A558-15B4-4965-A53E-7FC8A7AC29E1}"
EndProject
Project("{FAE04EC0-301F-11D3-BF4B-00C04F79EFBC}") = "ShoppingCartTest", "ShoppingCartTest\ShoppingCartTest.csproj", "{18B56490-FB28-4A08-BF76-ED2C44480E2E}"
EndProject
Global
	GlobalSection(SolutionConfigurationPlatforms) = preSolution
		Debug|Any CPU = Debug|Any CPU
		Release|Any CPU = Release|Any CPU
	EndGlobalSection
	GlobalSection(ProjectConfigurationPlatforms) = postSolution
		{2FC6A558-15B4-4965-A53E-7FC8A7AC29E1}.Debug|Any CPU.ActiveCfg = Debug|Any CPU
		{2FC6A558-15B4-4965-A53E-7FC8A7AC29E1}.Debug|Any CPU.Build.0 = Debug|Any CPU
		{2FC6A558-15B4-4965-A53E-7FC8A7AC29E1}.Release|Any CPU.ActiveCfg = Release|Any CPU
		{2FC6A558-15B4-4965-A53E-7FC8A7AC29E1}.Release|Any CPU.Build.0 = Release|Any CPU
		{18B56490-FB28-4A08-BF76-ED2C44480E2E}.Debug|Any CPU.ActiveCfg = Debug|Any CPU
		{18B56490-FB28-4A08-BF76-ED2C44480E2E}.Debug|Any CPU.Build.0 = Debug|Any CPU
		{18B56490-FB28-4A08-BF76-ED2C44480E2E}.Release|Any CPU.ActiveCfg = Release|Any CPU
		{18B56490-FB28-4A08-BF76-ED2C44480E2E}.Release|Any CPU.Build.0 = Release|Any CPU
	EndGlobalSection
	GlobalSection(SolutionProperties) = preSolution
		HideSolutionNode = FALSE
	EndGlobalSection
	GlobalSection(ExtensibilityGlobals) = postSolution
		SolutionGuid = {418DC438-8EDA-45B0-AA23-2CB9FDD2F37B}
	EndGlobalSection
EndGlobal
